// !$*UTF8*$!
{
	archiveVersion = 1;
	classes = {
	};
	objectVersion = 55;
	objects = {

/* Begin PBXBuildFile section */
		5261972E289EB39E008A35E5 /* AppDelegate.swift in Sources */ = {isa = PBXBuildFile; fileRef = 5261972D289EB39E008A35E5 /* AppDelegate.swift */; };
		52619730289EB39E008A35E5 /* SceneDelegate.swift in Sources */ = {isa = PBXBuildFile; fileRef = 5261972F289EB39E008A35E5 /* SceneDelegate.swift */; };
		52619732289EB39E008A35E5 /* ResponderChainFirstViewController.swift in Sources */ = {isa = PBXBuildFile; fileRef = 52619731289EB39E008A35E5 /* ResponderChainFirstViewController.swift */; };
		52619735289EB39E008A35E5 /* Main.storyboard in Resources */ = {isa = PBXBuildFile; fileRef = 52619733289EB39E008A35E5 /* Main.storyboard */; };
		52619737289EB3A0008A35E5 /* Assets.xcassets in Resources */ = {isa = PBXBuildFile; fileRef = 52619736289EB3A0008A35E5 /* Assets.xcassets */; };
		5261973A289EB3A0008A35E5 /* LaunchScreen.storyboard in Resources */ = {isa = PBXBuildFile; fileRef = 52619738289EB3A0008A35E5 /* LaunchScreen.storyboard */; };
		52619743289EC3CD008A35E5 /* TapCatcher.swift in Sources */ = {isa = PBXBuildFile; fileRef = 52619742289EC3CD008A35E5 /* TapCatcher.swift */; };
/* End PBXBuildFile section */

/* Begin PBXFileReference section */
		5261972A289EB39E008A35E5 /* UIResponderChain.app */ = {isa = PBXFileReference; explicitFileType = wrapper.application; includeInIndex = 0; path = UIResponderChain.app; sourceTree = BUILT_PRODUCTS_DIR; };
		5261972D289EB39E008A35E5 /* AppDelegate.swift */ = {isa = PBXFileReference; lastKnownFileType = sourcecode.swift; path = AppDelegate.swift; sourceTree = "<group>"; };
		5261972F289EB39E008A35E5 /* SceneDelegate.swift */ = {isa = PBXFileReference; lastKnownFileType = sourcecode.swift; path = SceneDelegate.swift; sourceTree = "<group>"; };
		52619731289EB39E008A35E5 /* ResponderChainFirstViewController.swift */ = {isa = PBXFileReference; lastKnownFileType = sourcecode.swift; path = ResponderChainFirstViewController.swift; sourceTree = "<group>"; };
		52619734289EB39E008A35E5 /* Base */ = {isa = PBXFileReference; lastKnownFileType = file.storyboard; name = Base; path = Base.lproj/Main.storyboard; sourceTree = "<group>"; };
		52619736289EB3A0008A35E5 /* Assets.xcassets */ = {isa = PBXFileReference; lastKnownFileType = folder.assetcatalog; path = Assets.xcassets; sourceTree = "<group>"; };
		52619739289EB3A0008A35E5 /* Base */ = {isa = PBXFileReference; lastKnownFileType = file.storyboard; name = Base; path = Base.lproj/LaunchScreen.storyboard; sourceTree = "<group>"; };
		5261973B289EB3A0008A35E5 /* Info.plist */ = {isa = PBXFileReference; lastKnownFileType = text.plist.xml; path = Info.plist; sourceTree = "<group>"; };
		52619742289EC3CD008A35E5 /* TapCatcher.swift */ = {isa = PBXFileReference; lastKnownFileType = sourcecode.swift; path = TapCatcher.swift; sourceTree = "<group>"; };
/* End PBXFileReference section */

/* Begin PBXFrameworksBuildPhase section */
		52619727289EB39E008A35E5 /* Frameworks */ = {
			isa = PBXFrameworksBuildPhase;
			buildActionMask = 2147483647;
			files = (
			);
			runOnlyForDeploymentPostprocessing = 0;
		};
/* End PBXFrameworksBuildPhase section */

/* Begin PBXGroup section */
		52619721289EB39D008A35E5 = {
			isa = PBXGroup;
			children = (
				5261972C289EB39E008A35E5 /* UIResponderChain */,
				5261972B289EB39E008A35E5 /* Products */,
			);
			sourceTree = "<group>";
		};
		5261972B289EB39E008A35E5 /* Products */ = {
			isa = PBXGroup;
			children = (
				5261972A289EB39E008A35E5 /* UIResponderChain.app */,
			);
			name = Products;
			sourceTree = "<group>";
		};
		5261972C289EB39E008A35E5 /* UIResponderChain */ = {
			isa = PBXGroup;
			children = (
				52619744289F293D008A35E5 /* Topics */,
				52619741289EC3B6008A35E5 /* CustomViews */,
				5261972D289EB39E008A35E5 /* AppDelegate.swift */,
				5261972F289EB39E008A35E5 /* SceneDelegate.swift */,
				52619733289EB39E008A35E5 /* Main.storyboard */,
				52619736289EB3A0008A35E5 /* Assets.xcassets */,
				52619738289EB3A0008A35E5 /* LaunchScreen.storyboard */,
				5261973B289EB3A0008A35E5 /* Info.plist */,
			);
			path = UIResponderChain;
			sourceTree = "<group>";
		};
		52619741289EC3B6008A35E5 /* CustomViews */ = {
			isa = PBXGroup;
			children = (
			);
			path = CustomViews;
			sourceTree = "<group>";
		};
		52619744289F293D008A35E5 /* Topics */ = {
			isa = PBXGroup;
			children = (
				52619745289F294E008A35E5 /* HitTests */,
				52619746289F2978008A35E5 /* UIResponderChain */,
			);
			path = Topics;
			sourceTree = "<group>";
		};
		52619745289F294E008A35E5 /* HitTests */ = {
			isa = PBXGroup;
			children = (
				52619742289EC3CD008A35E5 /* TapCatcher.swift */,
			);
			path = HitTests;
			sourceTree = "<group>";
		};
		52619746289F2978008A35E5 /* UIResponderChain */ = {
			isa = PBXGroup;
			children = (
				52619731289EB39E008A35E5 /* ResponderChainFirstViewController.swift */,
			);
			path = UIResponderChain;
			sourceTree = "<group>";
		};
/* End PBXGroup section */

/* Begin PBXNativeTarget section */
		52619729289EB39E008A35E5 /* UIResponderChain */ = {
			isa = PBXNativeTarget;
			buildConfigurationList = 5261973E289EB3A0008A35E5 /* Build configuration list for PBXNativeTarget "UIResponderChain" */;
			buildPhases = (
				52619726289EB39E008A35E5 /* Sources */,
				52619727289EB39E008A35E5 /* Frameworks */,
				52619728289EB39E008A35E5 /* Resources */,
			);
			buildRules = (
			);
			dependencies = (
			);
			name = UIResponderChain;
			productName = UIResponderChain;
			productReference = 5261972A289EB39E008A35E5 /* UIResponderChain.app */;
			productType = "com.apple.product-type.application";
		};
/* End PBXNativeTarget section */

/* Begin PBXProject section */
		52619722289EB39D008A35E5 /* Project object */ = {
			isa = PBXProject;
			attributes = {
				BuildIndependentTargetsInParallel = 1;
				LastSwiftUpdateCheck = 1340;
				LastUpgradeCheck = 1340;
				TargetAttributes = {
					52619729289EB39E008A35E5 = {
						CreatedOnToolsVersion = 13.4.1;
					};
				};
			};
			buildConfigurationList = 52619725289EB39D008A35E5 /* Build configuration list for PBXProject "UIResponderChain" */;
			compatibilityVersion = "Xcode 13.0";
			developmentRegion = en;
			hasScannedForEncodings = 0;
			knownRegions = (
				en,
				Base,
			);
			mainGroup = 52619721289EB39D008A35E5;
			productRefGroup = 5261972B289EB39E008A35E5 /* Products */;
			projectDirPath = "";
			projectRoot = "";
			targets = (
				52619729289EB39E008A35E5 /* UIResponderChain */,
			);
		};
/* End PBXProject section */

/* Begin PBXResourcesBuildPhase section */
		52619728289EB39E008A35E5 /* Resources */ = {
			isa = PBXResourcesBuildPhase;
			buildActionMask = 2147483647;
			files = (
				5261973A289EB3A0008A35E5 /* LaunchScreen.storyboard in Resources */,
				52619737289EB3A0008A35E5 /* Assets.xcassets in Resources */,
				52619735289EB39E008A35E5 /* Main.storyboard in Resources */,
			);
			runOnlyForDeploymentPostprocessing = 0;
		};
/* End PBXResourcesBuildPhase section */

/* Begin PBXSourcesBuildPhase section */
		52619726289EB39E008A35E5 /* Sources */ = {
			isa = PBXSourcesBuildPhase;
			buildActionMask = 2147483647;
			files = (
				52619732289EB39E008A35E5 /* ResponderChainFirstViewController.swift in Sources */,
				5261972E289EB39E008A35E5 /* AppDelegate.swift in Sources */,
				52619743289EC3CD008A35E5 /* TapCatcher.swift in Sources */,
				52619730289EB39E008A35E5 /* SceneDelegate.swift in Sources */,
			);
			runOnlyForDeploymentPostprocessing = 0;
		};
/* End PBXSourcesBuildPhase section */

/* Begin PBXVariantGroup section */
		52619733289EB39E008A35E5 /* Main.storyboard */ = {
			isa = PBXVariantGroup;
			children = (
				52619734289EB39E008A35E5 /* Base */,
			);
			name = Main.storyboard;
			sourceTree = "<group>";
		};
		52619738289EB3A0008A35E5 /* LaunchScreen.storyboard */ = {
			isa = PBXVariantGroup;
			children = (
				52619739289EB3A0008A35E5 /* Base */,
			);
			name = LaunchScreen.storyboard;
			sourceTree = "<group>";
		};
/* End PBXVariantGroup section */

/* Begin XCBuildConfiguration section */
		5261973C289EB3A0008A35E5 /* Debug */ = {
			isa = XCBuildConfiguration;
			buildSettings = {
				ALWAYS_SEARCH_USER_PATHS = NO;
				CLANG_ANALYZER_NONNULL = YES;
				CLANG_ANALYZER_NUMBER_OBJECT_CONVERSION = YES_AGGRESSIVE;
				CLANG_CXX_LANGUAGE_STANDARD = "gnu++17";
				CLANG_ENABLE_MODULES = YES;
				CLANG_ENABLE_OBJC_ARC = YES;
				CLANG_ENABLE_OBJC_WEAK = YES;
				CLANG_WARN_BLOCK_CAPTURE_AUTORELEASING = YES;
				CLANG_WARN_BOOL_CONVERSION = YES;
				CLANG_WARN_COMMA = YES;
				CLANG_WARN_CONSTANT_CONVERSION = YES;
				CLANG_WARN_DEPRECATED_OBJC_IMPLEMENTATIONS = YES;
				CLANG_WARN_DIRECT_OBJC_ISA_USAGE = YES_ERROR;
				CLANG_WARN_DOCUMENTATION_COMMENTS = YES;
				CLANG_WARN_EMPTY_BODY = YES;
				CLANG_WARN_ENUM_CONVERSION = YES;
				CLANG_WARN_INFINITE_RECURSION = YES;
				CLANG_WARN_INT_CONVERSION = YES;
				CLANG_WARN_NON_LITERAL_NULL_CONVERSION = YES;
				CLANG_WARN_OBJC_IMPLICIT_RETAIN_SELF = YES;
				CLANG_WARN_OBJC_LITERAL_CONVERSION = YES;
				CLANG_WARN_OBJC_ROOT_CLASS = YES_ERROR;
				CLANG_WARN_QUOTED_INCLUDE_IN_FRAMEWORK_HEADER = YES;
				CLANG_WARN_RANGE_LOOP_ANALYSIS = YES;
				CLANG_WARN_STRICT_PROTOTYPES = YES;
				CLANG_WARN_SUSPICIOUS_MOVE = YES;
				CLANG_WARN_UNGUARDED_AVAILABILITY = YES_AGGRESSIVE;
				CLANG_WARN_UNREACHABLE_CODE = YES;
				CLANG_WARN__DUPLICATE_METHOD_MATCH = YES;
				COPY_PHASE_STRIP = NO;
				DEBUG_INFORMATION_FORMAT = dwarf;
				ENABLE_STRICT_OBJC_MSGSEND = YES;
				ENABLE_TESTABILITY = YES;
				GCC_C_LANGUAGE_STANDARD = gnu11;
				GCC_DYNAMIC_NO_PIC = NO;
				GCC_NO_COMMON_BLOCKS = YES;
				GCC_OPTIMIZATION_LEVEL = 0;
				GCC_PREPROCESSOR_DEFINITIONS = (
					"DEBUG=1",
					"$(inherited)",
				);
				GCC_WARN_64_TO_32_BIT_CONVERSION = YES;
				GCC_WARN_ABOUT_RETURN_TYPE = YES_ERROR;
				GCC_WARN_UNDECLARED_SELECTOR = YES;
				GCC_WARN_UNINITIALIZED_AUTOS = YES_AGGRESSIVE;
				GCC_WARN_UNUSED_FUNCTION = YES;
				GCC_WARN_UNUSED_VARIABLE = YES;
				IPHONEOS_DEPLOYMENT_TARGET = 15.5;
				MTL_ENABLE_DEBUG_INFO = INCLUDE_SOURCE;
				MTL_FAST_MATH = YES;
				ONLY_ACTIVE_ARCH = YES;
				SDKROOT = iphoneos;
				SWIFT_ACTIVE_COMPILATION_CONDITIONS = DEBUG;
				SWIFT_OPTIMIZATION_LEVEL = "-Onone";
			};
			name = Debug;
		};
		5261973D289EB3A0008A35E5 /* Release */ = {
			isa = XCBuildConfiguration;
			buildSettings = {
				ALWAYS_SEARCH_USER_PATHS = NO;
				CLANG_ANALYZER_NONNULL = YES;
				CLANG_ANALYZER_NUMBER_OBJECT_CONVERSION = YES_AGGRESSIVE;
				CLANG_CXX_LANGUAGE_STANDARD = "gnu++17";
				CLANG_ENABLE_MODULES = YES;
				CLANG_ENABLE_OBJC_ARC = YES;
				CLANG_ENABLE_OBJC_WEAK = YES;
				CLANG_WARN_BLOCK_CAPTURE_AUTORELEASING = YES;
				CLANG_WARN_BOOL_CONVERSION = YES;
				CLANG_WARN_COMMA = YES;
				CLANG_WARN_CONSTANT_CONVERSION = YES;
				CLANG_WARN_DEPRECATED_OBJC_IMPLEMENTATIONS = YES;
				CLANG_WARN_DIRECT_OBJC_ISA_USAGE = YES_ERROR;
				CLANG_WARN_DOCUMENTATION_COMMENTS = YES;
				CLANG_WARN_EMPTY_BODY = YES;
				CLANG_WARN_ENUM_CONVERSION = YES;
				CLANG_WARN_INFINITE_RECURSION = YES;
				CLANG_WARN_INT_CONVERSION = YES;
				CLANG_WARN_NON_LITERAL_NULL_CONVERSION = YES;
				CLANG_WARN_OBJC_IMPLICIT_RETAIN_SELF = YES;
				CLANG_WARN_OBJC_LITERAL_CONVERSION = YES;
				CLANG_WARN_OBJC_ROOT_CLASS = YES_ERROR;
				CLANG_WARN_QUOTED_INCLUDE_IN_FRAMEWORK_HEADER = YES;
				CLANG_WARN_RANGE_LOOP_ANALYSIS = YES;
				CLANG_WARN_STRICT_PROTOTYPES = YES;
				CLANG_WARN_SUSPICIOUS_MOVE = YES;
				CLANG_WARN_UNGUARDED_AVAILABILITY = YES_AGGRESSIVE;
				CLANG_WARN_UNREACHABLE_CODE = YES;
				CLANG_WARN__DUPLICATE_METHOD_MATCH = YES;
				COPY_PHASE_STRIP = NO;
				DEBUG_INFORMATION_FORMAT = "dwarf-with-dsym";
				ENABLE_NS_ASSERTIONS = NO;
				ENABLE_STRICT_OBJC_MSGSEND = YES;
				GCC_C_LANGUAGE_STANDARD = gnu11;
				GCC_NO_COMMON_BLOCKS = YES;
				GCC_WARN_64_TO_32_BIT_CONVERSION = YES;
				GCC_WARN_ABOUT_RETURN_TYPE = YES_ERROR;
				GCC_WARN_UNDECLARED_SELECTOR = YES;
				GCC_WARN_UNINITIALIZED_AUTOS = YES_AGGRESSIVE;
				GCC_WARN_UNUSED_FUNCTION = YES;
				GCC_WARN_UNUSED_VARIABLE = YES;
				IPHONEOS_DEPLOYMENT_TARGET = 15.5;
				MTL_ENABLE_DEBUG_INFO = NO;
				MTL_FAST_MATH = YES;
				SDKROOT = iphoneos;
				SWIFT_COMPILATION_MODE = wholemodule;
				SWIFT_OPTIMIZATION_LEVEL = "-O";
				VALIDATE_PRODUCT = YES;
			};
			name = Release;
		};
		5261973F289EB3A0008A35E5 /* Debug */ = {
			isa = XCBuildConfiguration;
			buildSettings = {
				ASSETCATALOG_COMPILER_APPICON_NAME = AppIcon;
				ASSETCATALOG_COMPILER_GLOBAL_ACCENT_COLOR_NAME = AccentColor;
				CODE_SIGN_STYLE = Automatic;
				CURRENT_PROJECT_VERSION = 1;
				GENERATE_INFOPLIST_FILE = YES;
				INFOPLIST_FILE = UIResponderChain/Info.plist;
				INFOPLIST_KEY_UIApplicationSupportsIndirectInputEvents = YES;
				INFOPLIST_KEY_UILaunchStoryboardName = LaunchScreen;
				INFOPLIST_KEY_UIMainStoryboardFile = Main;
				INFOPLIST_KEY_UISupportedInterfaceOrientations_iPad = "UIInterfaceOrientationPortrait UIInterfaceOrientationPortraitUpsideDown UIInterfaceOrientationLandscapeLeft UIInterfaceOrientationLandscapeRight";
				INFOPLIST_KEY_UISupportedInterfaceOrientations_iPhone = "UIInterfaceOrientationPortrait UIInterfaceOrientationLandscapeLeft UIInterfaceOrientationLandscapeRight";
				LD_RUNPATH_SEARCH_PATHS = (
					"$(inherited)",
					"@executable_path/Frameworks",
				);
				MARKETING_VERSION = 1.0;
				PRODUCT_BUNDLE_IDENTIFIER = DevBorisElkin.UIResponderChain;
				PRODUCT_NAME = "$(TARGET_NAME)";
				SWIFT_EMIT_LOC_STRINGS = YES;
				SWIFT_VERSION = 5.0;
				TARGETED_DEVICE_FAMILY = "1,2";
			};
			name = Debug;
		};
		52619740289EB3A0008A35E5 /* Release */ = {
			isa = XCBuildConfiguration;
			buildSettings = {
				ASSETCATALOG_COMPILER_APPICON_NAME = AppIcon;
				ASSETCATALOG_COMPILER_GLOBAL_ACCENT_COLOR_NAME = AccentColor;
				CODE_SIGN_STYLE = Automatic;
				CURRENT_PROJECT_VERSION = 1;
				GENERATE_INFOPLIST_FILE = YES;
				INFOPLIST_FILE = UIResponderChain/Info.plist;
				INFOPLIST_KEY_UIApplicationSupportsIndirectInputEvents = YES;
				INFOPLIST_KEY_UILaunchStoryboardName = LaunchScreen;
				INFOPLIST_KEY_UIMainStoryboardFile = Main;
				INFOPLIST_KEY_UISupportedInterfaceOrientations_iPad = "UIInterfaceOrientationPortrait UIInterfaceOrientationPortraitUpsideDown UIInterfaceOrientationLandscapeLeft UIInterfaceOrientationLandscapeRight";
				INFOPLIST_KEY_UISupportedInterfaceOrientations_iPhone = "UIInterfaceOrientationPortrait UIInterfaceOrientationLandscapeLeft UIInterfaceOrientationLandscapeRight";
				LD_RUNPATH_SEARCH_PATHS = (
					"$(inherited)",
					"@executable_path/Frameworks",
				);
				MARKETING_VERSION = 1.0;
				PRODUCT_BUNDLE_IDENTIFIER = DevBorisElkin.UIResponderChain;
				PRODUCT_NAME = "$(TARGET_NAME)";
				SWIFT_EMIT_LOC_STRINGS = YES;
				SWIFT_VERSION = 5.0;
				TARGETED_DEVICE_FAMILY = "1,2";
			};
			name = Release;
		};
/* End XCBuildConfiguration section */

/* Begin XCConfigurationList section */
		52619725289EB39D008A35E5 /* Build configuration list for PBXProject "UIResponderChain" */ = {
			isa = XCConfigurationList;
			buildConfigurations = (
				5261973C289EB3A0008A35E5 /* Debug */,
				5261973D289EB3A0008A35E5 /* Release */,
			);
			defaultConfigurationIsVisible = 0;
			defaultConfigurationName = Release;
		};
		5261973E289EB3A0008A35E5 /* Build configuration list for PBXNativeTarget "UIResponderChain" */ = {
			isa = XCConfigurationList;
			buildConfigurations = (
				5261973F289EB3A0008A35E5 /* Debug */,
				52619740289EB3A0008A35E5 /* Release */,
			);
			defaultConfigurationIsVisible = 0;
			defaultConfigurationName = Release;
		};
/* End XCConfigurationList section */
	};
	rootObject = 52619722289EB39D008A35E5 /* Project object */;
}
